
Microsoft Visual Studio Solution File, Format Version 12.00
# Visual Studio Version 16
VisualStudioVersion = 16.0.30114.105
MinimumVisualStudioVersion = 10.0.40219.1
Project("{FAE04EC0-301F-11D3-BF4B-00C04F79EFBC}") = "API", "API\API.csproj", "{FE995F3A-3869-486D-B9E0-800FEF71CA77}"
EndProject
Project("{FAE04EC0-301F-11D3-BF4B-00C04F79EFBC}") = "Core", "Core\Core.csproj", "{C4DDAC99-E4DC-4161-9796-F49F56F781CC}"
EndProject
Project("{FAE04EC0-301F-11D3-BF4B-00C04F79EFBC}") = "Infrastructure", "Infrastructure\Infrastructure.csproj", "{88124A45-B202-4B98-9414-0B1691CD9F56}"
EndProject
Global
	GlobalSection(SolutionConfigurationPlatforms) = preSolution
		Debug|Any CPU = Debug|Any CPU
		Debug|x64 = Debug|x64
		Debug|x86 = Debug|x86
		Release|Any CPU = Release|Any CPU
		Release|x64 = Release|x64
		Release|x86 = Release|x86
	EndGlobalSection
	GlobalSection(SolutionProperties) = preSolution
		HideSolutionNode = FALSE
	EndGlobalSection
	GlobalSection(ProjectConfigurationPlatforms) = postSolution
		{FE995F3A-3869-486D-B9E0-800FEF71CA77}.Debug|Any CPU.ActiveCfg = Debug|Any CPU
		{FE995F3A-3869-486D-B9E0-800FEF71CA77}.Debug|Any CPU.Build.0 = Debug|Any CPU
		{FE995F3A-3869-486D-B9E0-800FEF71CA77}.Debug|x64.ActiveCfg = Debug|Any CPU
		{FE995F3A-3869-486D-B9E0-800FEF71CA77}.Debug|x64.Build.0 = Debug|Any CPU
		{FE995F3A-3869-486D-B9E0-800FEF71CA77}.Debug|x86.ActiveCfg = Debug|Any CPU
		{FE995F3A-3869-486D-B9E0-800FEF71CA77}.Debug|x86.Build.0 = Debug|Any CPU
		{FE995F3A-3869-486D-B9E0-800FEF71CA77}.Release|Any CPU.ActiveCfg = Release|Any CPU
		{FE995F3A-3869-486D-B9E0-800FEF71CA77}.Release|Any CPU.Build.0 = Release|Any CPU
		{FE995F3A-3869-486D-B9E0-800FEF71CA77}.Release|x64.ActiveCfg = Release|Any CPU
		{FE995F3A-3869-486D-B9E0-800FEF71CA77}.Release|x64.Build.0 = Release|Any CPU
		{FE995F3A-3869-486D-B9E0-800FEF71CA77}.Release|x86.ActiveCfg = Release|Any CPU
		{FE995F3A-3869-486D-B9E0-800FEF71CA77}.Release|x86.Build.0 = Release|Any CPU
		{C4DDAC99-E4DC-4161-9796-F49F56F781CC}.Debug|Any CPU.ActiveCfg = Debug|Any CPU
		{C4DDAC99-E4DC-4161-9796-F49F56F781CC}.Debug|Any CPU.Build.0 = Debug|Any CPU
		{C4DDAC99-E4DC-4161-9796-F49F56F781CC}.Debug|x64.ActiveCfg = Debug|Any CPU
		{C4DDAC99-E4DC-4161-9796-F49F56F781CC}.Debug|x64.Build.0 = Debug|Any CPU
		{C4DDAC99-E4DC-4161-9796-F49F56F781CC}.Debug|x86.ActiveCfg = Debug|Any CPU
		{C4DDAC99-E4DC-4161-9796-F49F56F781CC}.Debug|x86.Build.0 = Debug|Any CPU
		{C4DDAC99-E4DC-4161-9796-F49F56F781CC}.Release|Any CPU.ActiveCfg = Release|Any CPU
		{C4DDAC99-E4DC-4161-9796-F49F56F781CC}.Release|Any CPU.Build.0 = Release|Any CPU
		{C4DDAC99-E4DC-4161-9796-F49F56F781CC}.Release|x64.ActiveCfg = Release|Any CPU
		{C4DDAC99-E4DC-4161-9796-F49F56F781CC}.Release|x64.Build.0 = Release|Any CPU
		{C4DDAC99-E4DC-4161-9796-F49F56F781CC}.Release|x86.ActiveCfg = Release|Any CPU
		{C4DDAC99-E4DC-4161-9796-F49F56F781CC}.Release|x86.Build.0 = Release|Any CPU
		{88124A45-B202-4B98-9414-0B1691CD9F56}.Debug|Any CPU.ActiveCfg = Debug|Any CPU
		{88124A45-B202-4B98-9414-0B1691CD9F56}.Debug|Any CPU.Build.0 = Debug|Any CPU
		{88124A45-B202-4B98-9414-0B1691CD9F56}.Debug|x64.ActiveCfg = Debug|Any CPU
		{88124A45-B202-4B98-9414-0B1691CD9F56}.Debug|x64.Build.0 = Debug|Any CPU
		{88124A45-B202-4B98-9414-0B1691CD9F56}.Debug|x86.ActiveCfg = Debug|Any CPU
		{88124A45-B202-4B98-9414-0B1691CD9F56}.Debug|x86.Build.0 = Debug|Any CPU
		{88124A45-B202-4B98-9414-0B1691CD9F56}.Release|Any CPU.ActiveCfg = Release|Any CPU
		{88124A45-B202-4B98-9414-0B1691CD9F56}.Release|Any CPU.Build.0 = Release|Any CPU
		{88124A45-B202-4B98-9414-0B1691CD9F56}.Release|x64.ActiveCfg = Release|Any CPU
		{88124A45-B202-4B98-9414-0B1691CD9F56}.Release|x64.Build.0 = Release|Any CPU
		{88124A45-B202-4B98-9414-0B1691CD9F56}.Release|x86.ActiveCfg = Release|Any CPU
		{88124A45-B202-4B98-9414-0B1691CD9F56}.Release|x86.Build.0 = Release|Any CPU
	EndGlobalSection
EndGlobal
